{
  "lockfile_version": "1",
  "packages": {
    "curl@8": {
      "last_modified": "2024-12-13T21:43:23Z",
      "resolved": "github:NixOS/nixpkgs/71a6392e367b08525ee710a93af2e80083b5b3e2#curl",
      "source": "devbox-search",
      "version": "8.11.0",
      "systems": {
        "aarch64-darwin": {
          "outputs": [
            {
              "name": "bin",
              "path": "/nix/store/78b40bakdk6ldzd2cnzqqc6k2ffq6q80-curl-8.11.0-bin",
              "default": true
            },
            {
              "name": "man",
              "path": "/nix/store/p28ziicmg9c8y0j7zlhfab3cz2jl84jq-curl-8.11.0-man",
              "default": true
            },
            {
              "name": "dev",
              "path": "/nix/store/x8qcqapnc2656j9pmhycqw5gjsg8wj95-curl-8.11.0-dev"
            },
            {
              "name": "devdoc",
              "path": "/nix/store/3jkma0k7qwx82djlzac798hnhky6s2mw-curl-8.11.0-devdoc"
            },
            {
              "name": "out",
              "path": "/nix/store/j39kv1qva1ndbbfc6b7rqipz5fs9pnvc-curl-8.11.0"
            }
          ],
          "store_path": "/nix/store/78b40bakdk6ldzd2cnzqqc6k2ffq6q80-curl-8.11.0-bin"
        },
        "aarch64-linux": {
          "outputs": [
            {
              "name": "bin",
              "path": "/nix/store/wq37ah6ayglskxv1viw204j246miz9mw-curl-8.11.0-bin",
              "default": true
            },
            {
              "name": "man",
              "path": "/nix/store/b8rfm1q2rakp4nml9l61s45v3pg2iah4-curl-8.11.0-man",
              "default": true
            },
            {
              "name": "debug",
              "path": "/nix/store/hz05x0jdczalgjxivm8m1ni56hamkrh1-curl-8.11.0-debug"
            },
            {
              "name": "dev",
              "path": "/nix/store/8q0a3mgciq1alhn51ga7pcj491w42frm-curl-8.11.0-dev"
            },
            {
              "name": "devdoc",
              "path": "/nix/store/081g6dj7mniw7fjzn5byf9vpzk36yg4h-curl-8.11.0-devdoc"
            },
            {
              "name": "out",
              "path": "/nix/store/fqwkalsvg898sgf969bqpaz4blypx5gd-curl-8.11.0"
            }
          ],
          "store_path": "/nix/store/wq37ah6ayglskxv1viw204j246miz9mw-curl-8.11.0-bin"
        },
        "x86_64-darwin": {
          "outputs": [
            {
              "name": "bin",
              "path": "/nix/store/d9hsgziq68q5qaasrm8rcmvvk7idry85-curl-8.11.0-bin",
              "default": true
            },
            {
              "name": "man",
              "path": "/nix/store/pri71vk0srs4174n79v3rrsasi0cfcl7-curl-8.11.0-man",
              "default": true
            },
            {
              "name": "dev",
              "path": "/nix/store/5vkqd75k1d4wk6dsgdzxsfv9p692abia-curl-8.11.0-dev"
            },
            {
              "name": "devdoc",
              "path": "/nix/store/br90i57yq5fnqz9kc52lg0d8cpz5xkvi-curl-8.11.0-devdoc"
            },
            {
              "name": "out",
              "path": "/nix/store/ppzjbkfncrrxmiyh5h32pdn4lk8bi4ba-curl-8.11.0"
            }
          ],
          "store_path": "/nix/store/d9hsgziq68q5qaasrm8rcmvvk7idry85-curl-8.11.0-bin"
        },
        "x86_64-linux": {
          "outputs": [
            {
              "name": "bin",
              "path": "/nix/store/r686j19q8zcnccpg5h9xlf7bvvs27b8s-curl-8.11.0-bin",
              "default": true
            },
            {
              "name": "man",
              "path": "/nix/store/rlls2vbms86vcrf7z2savrh0x0gbbk8h-curl-8.11.0-man",
              "default": true
            },
            {
              "name": "debug",
              "path": "/nix/store/j4l8vnw7cqpiw68mf0gxaqx98hw5fcpb-curl-8.11.0-debug"
            },
            {
              "name": "dev",
              "path": "/nix/store/h269afcqsqykvbsnhrbpw9lghaff47dz-curl-8.11.0-dev"
            },
            {
              "name": "devdoc",
              "path": "/nix/store/8xcjvalpnmcn6c6af3rhshl0ahnxw9dl-curl-8.11.0-devdoc"
            },
            {
              "name": "out",
              "path": "/nix/store/ixq7chmml361204anwph16ll2njcf19d-curl-8.11.0"
            }
          ],
          "store_path": "/nix/store/r686j19q8zcnccpg5h9xlf7bvvs27b8s-curl-8.11.0-bin"
        }
      }
    },
    "go@1.23": {
      "last_modified": "2024-11-28T07:51:56Z",
      "resolved": "github:NixOS/nixpkgs/226216574ada4c3ecefcbbec41f39ce4655f78ef#go",
      "source": "devbox-search",
      "version": "1.23.3",
      "systems": {
        "aarch64-darwin": {
          "outputs": [
            {
              "name": "out",
              "path": "/nix/store/qrj2wp6vzfpjfrrlcmr22818zg83fb73-go-1.23.3",
              "default": true
            }
          ],
          "store_path": "/nix/store/qrj2wp6vzfpjfrrlcmr22818zg83fb73-go-1.23.3"
        },
        "aarch64-linux": {
          "outputs": [
            {
              "name": "out",
              "path": "/nix/store/dm66qyl19skrwcmk4rb9xcs64xc1d071-go-1.23.3",
              "default": true
            }
          ],
          "store_path": "/nix/store/dm66qyl19skrwcmk4rb9xcs64xc1d071-go-1.23.3"
        },
        "x86_64-darwin": {
          "outputs": [
            {
              "name": "out",
              "path": "/nix/store/alkrwr7w62qp3160q0azcvnyn0184hw3-go-1.23.3",
              "default": true
            }
          ],
          "store_path": "/nix/store/alkrwr7w62qp3160q0azcvnyn0184hw3-go-1.23.3"
        },
        "x86_64-linux": {
          "outputs": [
            {
              "name": "out",
              "path": "/nix/store/bavnchxi7v6xs077jxv7fl5rrqc3y87w-go-1.23.3",
              "default": true
            }
          ],
          "store_path": "/nix/store/bavnchxi7v6xs077jxv7fl5rrqc3y87w-go-1.23.3"
        }
      }
    },
    "upx@4": {
      "last_modified": "2024-11-28T07:51:56Z",
      "resolved": "github:NixOS/nixpkgs/226216574ada4c3ecefcbbec41f39ce4655f78ef#upx",
      "source": "devbox-search",
      "version": "4.2.4",
      "systems": {
        "aarch64-darwin": {
          "outputs": [
            {
              "name": "out",
              "path": "/nix/store/64c4minfnwlhh1sj2jy8i3ww7ml2mink-upx-4.2.4",
              "default": true
            }
          ],
          "store_path": "/nix/store/64c4minfnwlhh1sj2jy8i3ww7ml2mink-upx-4.2.4"
        },
        "aarch64-linux": {
          "outputs": [
            {
              "name": "out",
              "path": "/nix/store/nvgccy2ny20cjisx5prj55y7qp7k1xr8-upx-4.2.4",
              "default": true
            }
          ],
          "store_path": "/nix/store/nvgccy2ny20cjisx5prj55y7qp7k1xr8-upx-4.2.4"
        },
        "x86_64-darwin": {
          "outputs": [
            {
              "name": "out",
              "path": "/nix/store/dl1zzs2i55m0chmbsknz26nv0h8asfph-upx-4.2.4",
              "default": true
            }
          ],
          "store_path": "/nix/store/dl1zzs2i55m0chmbsknz26nv0h8asfph-upx-4.2.4"
        },
        "x86_64-linux": {
          "outputs": [
            {
              "name": "out",
              "path": "/nix/store/z8caslgrp9m5d1cw0vndk3j231rcaan6-upx-4.2.4",
              "default": true
            }
          ],
          "store_path": "/nix/store/z8caslgrp9m5d1cw0vndk3j231rcaan6-upx-4.2.4"
        }
      }
    }
  }
}
